{"1.2.0",
[{<<"base64url">>,{pkg,<<"base64url">>,<<"0.0.1">>},1},
 {<<"brod">>,{pkg,<<"brod">>,<<"3.16.1">>},0},
 {<<"cowboy">>,{pkg,<<"cowboy">>,<<"2.10.0">>},0},
 {<<"cowlib">>,{pkg,<<"cowlib">>,<<"2.12.1">>},1},
 {<<"crc32cer">>,{pkg,<<"crc32cer">>,<<"0.1.8">>},2},
 {<<"jsx">>,{pkg,<<"jsx">>,<<"2.8.3">>},1},
 {<<"jwt">>,{pkg,<<"jwt">>,<<"0.1.11">>},0},
 {<<"kafka_protocol">>,{pkg,<<"kafka_protocol">>,<<"4.0.1">>},1},
 {<<"quickrand">>,
  {git,"https://github.com/okeuday/quickrand.git",
       {ref,"98c097d9c367c5f5567c5b6ba74255f2b627d94f"}},
  1},
 {<<"ranch">>,{pkg,<<"ranch">>,<<"1.8.0">>},1},
 {<<"snappyer">>,{pkg,<<"snappyer">>,<<"1.2.9">>},0},
 {<<"supervisor3">>,{pkg,<<"supervisor3">>,<<"1.1.11">>},1},
 {<<"uuid">>,
  {git,"https://github.com/okeuday/uuid",
       {ref,"00eebcdaa6f595727685046c5cd1d9ff846c5eb9"}},
  0}]}.
[
{pkg_hash,[
 {<<"base64url">>, <<"36A90125F5948E3AFD7BE97662A1504B934DD5DAC78451CA6E9ABF85A10286BE">>},
 {<<"brod">>, <<"1C7B03F99C7CC310DE5511CADAD9879AB0CC5F1A2612211E68C26DAD517D31B0">>},
 {<<"cowboy">>, <<"FF9FFEFF91DAE4AE270DD975642997AFE2A1179D94B1887863E43F681A203E26">>},
 {<<"cowlib">>, <<"A9FA9A625F1D2025FE6B462CB865881329B5CAFF8F1854D1CBC9F9533F00E1E1">>},
 {<<"crc32cer">>, <<"C6C2275C5FB60A95F4935D414F30B50EE9CFED494081C9B36EBB02EDFC2F48DB">>},
 {<<"jsx">>, <<"A05252D381885240744D955FBE3CF810504EB2567164824E19303EA59EEF62CF">>},
 {<<"jwt">>, <<"4F18896C4A182530ED445312C45AC353D801FBDFD54F538910370E9CF12687CF">>},
 {<<"kafka_protocol">>, <<"FC696880C73483C8B032C4BB60F2873046035C7824E1EDCB924CFCE643CF23DD">>},
 {<<"ranch">>, <<"8C7A100A139FD57F17327B6413E4167AC559FBC04CA7448E9BE9057311597A1D">>},
 {<<"snappyer">>, <<"9CC58470798648CE34C662CA0AA6DAAE31367667714C9A543384430A3586E5D3">>},
 {<<"supervisor3">>, <<"D81CDEC31D102FDE407423E1D05B569572850DEEBED86B951D5233C387CBA80B">>}]},
{pkg_hash_ext,[
 {<<"base64url">>, <<"FAB09B20E3F5DB886725544CBCF875B8E73EC93363954EB8A1A9ED834AA8C1F9">>},
 {<<"brod">>, <<"8297C47CD1FF0657955027FA1BEB62EDFAAB1CC5E09B714CC29BD7F1C8D40083">>},
 {<<"cowboy">>, <<"3AFDCCB7183CC6F143CB14D3CF51FA00E53DB9EC80CDCD525482F5E99BC41D6B">>},
 {<<"cowlib">>, <<"163B73F6367A7341B33C794C4E88E7DBFE6498AC42DCD69EF44C5BC5507C8DB0">>},
 {<<"crc32cer">>, <<"251499085482920DEB6C9B7AADABF9FB4C432F96ADD97AB42AEE4501E5B6F591">>},
 {<<"jsx">>, <<"FC3499FED7A726995AA659143A248534ADC754EBD16CCD437CD93B649A95091F">>},
 {<<"jwt">>, <<"B483FBB786D1BD050B3C551D323112D604E5B0F9CF9DC5671ADEEC462C2E36BB">>},
 {<<"kafka_protocol">>, <<"687BFD9989998EC8FBBC3ED50D1239A6C07A7DC15B52914AD477413B89ECB621">>},
 {<<"ranch">>, <<"49FBCFD3682FAB1F5D109351B61257676DA1A2FDBE295904176D5E521A2DDFE5">>},
 {<<"snappyer">>, <<"18D00CA218AE613416E6EECAFE1078DB86342A66F86277BD45C95F05BF1C8B29">>},
 {<<"supervisor3">>, <<"E6C2DEDBCABCBA24995A218ACA12DB5E208B80D3252692B22EF0F1A266104B50">>}]}
].
